
Microsoft Visual Studio Solution File, Format Version 12.00
# Visual Studio Express 2012 for Windows Desktop
Project("{FAE04EC0-301F-11D3-BF4B-00C04F79EFBC}") = "KNN Music", "KNN Music\KNN Music.csproj", "{A73ED6FA-8AE4-40B1-AE97-655A46A35915}"
EndProject
Global
	GlobalSection(SolutionConfigurationPlatforms) = preSolution
		Debug|Any CPU = Debug|Any CPU
		Release|Any CPU = Release|Any CPU
	EndGlobalSection
	GlobalSection(ProjectConfigurationPlatforms) = postSolution
		{A73ED6FA-8AE4-40B1-AE97-655A46A35915}.Debug|Any CPU.ActiveCfg = Debug|Any CPU
		{A73ED6FA-8AE4-40B1-AE97-655A46A35915}.Debug|Any CPU.Build.0 = Debug|Any CPU
		{A73ED6FA-8AE4-40B1-AE97-655A46A35915}.Release|Any CPU.ActiveCfg = Release|Any CPU
		{A73ED6FA-8AE4-40B1-AE97-655A46A35915}.Release|Any CPU.Build.0 = Release|Any CPU
	EndGlobalSection
	GlobalSection(SolutionProperties) = preSolution
		HideSolutionNode = FALSE
	EndGlobalSection
EndGlobal
